{
  "name": "profanityjs",
  "version": "0.1.0",
  "lockfileVersion": 1,
  "requires": true,
  "dependencies": {
    "homoglyph-search": {
      "version": "1.2.0",
      "resolved": "https://registry.npmjs.org/homoglyph-search/-/homoglyph-search-1.2.0.tgz",
      "integrity": "sha512-6BJ+sbAv/6WPh7tM/pM/ZQ7wNt9NuoEfcmP5JXPQ0bqI0f6TUxLwIIewA40BjgkBkCSaTi/pq9Ef9BExwmLOtQ=="
    }
  }
}
